
Microsoft Visual Studio Solution File, Format Version 12.00
# Visual Studio Version 17
VisualStudioVersion = 17.13.35931.197 d17.13
MinimumVisualStudioVersion = 10.0.40219.1
Project("{FAE04EC0-301F-11D3-BF4B-00C04F79EFBC}") = "WpfStudyApp01", "WpfStudyApp01\WpfStudyApp01.csproj", "{07F0742E-9B9A-4A0A-B73B-77982C7B0F1C}"
EndProject
Project("{FAE04EC0-301F-11D3-BF4B-00C04F79EFBC}") = "WpfStudyApp02", "WpfStudyApp02\WpfStudyApp02.csproj", "{1C43E963-B86C-456E-A540-F19A29759E2E}"
EndProject
Project("{FAE04EC0-301F-11D3-BF4B-00C04F79EFBC}") = "WpfStudyApp03", "WpfStudyApp03\WpfStudyApp03.csproj", "{3A80ABCE-86C9-4740-A46E-74768DDF8FF5}"
EndProject
Project("{FAE04EC0-301F-11D3-BF4B-00C04F79EFBC}") = "WpfSudyApp04", "WpfSudyApp04\WpfSudyApp04.csproj", "{837F9D3F-823D-4BA3-9D99-A96188334E1C}"
EndProject
Global
	GlobalSection(SolutionConfigurationPlatforms) = preSolution
		Debug|Any CPU = Debug|Any CPU
		Release|Any CPU = Release|Any CPU
	EndGlobalSection
	GlobalSection(ProjectConfigurationPlatforms) = postSolution
		{07F0742E-9B9A-4A0A-B73B-77982C7B0F1C}.Debug|Any CPU.ActiveCfg = Debug|Any CPU
		{07F0742E-9B9A-4A0A-B73B-77982C7B0F1C}.Debug|Any CPU.Build.0 = Debug|Any CPU
		{07F0742E-9B9A-4A0A-B73B-77982C7B0F1C}.Release|Any CPU.ActiveCfg = Release|Any CPU
		{07F0742E-9B9A-4A0A-B73B-77982C7B0F1C}.Release|Any CPU.Build.0 = Release|Any CPU
		{1C43E963-B86C-456E-A540-F19A29759E2E}.Debug|Any CPU.ActiveCfg = Debug|Any CPU
		{1C43E963-B86C-456E-A540-F19A29759E2E}.Debug|Any CPU.Build.0 = Debug|Any CPU
		{1C43E963-B86C-456E-A540-F19A29759E2E}.Release|Any CPU.ActiveCfg = Release|Any CPU
		{1C43E963-B86C-456E-A540-F19A29759E2E}.Release|Any CPU.Build.0 = Release|Any CPU
		{3A80ABCE-86C9-4740-A46E-74768DDF8FF5}.Debug|Any CPU.ActiveCfg = Debug|Any CPU
		{3A80ABCE-86C9-4740-A46E-74768DDF8FF5}.Debug|Any CPU.Build.0 = Debug|Any CPU
		{3A80ABCE-86C9-4740-A46E-74768DDF8FF5}.Release|Any CPU.ActiveCfg = Release|Any CPU
		{3A80ABCE-86C9-4740-A46E-74768DDF8FF5}.Release|Any CPU.Build.0 = Release|Any CPU
		{837F9D3F-823D-4BA3-9D99-A96188334E1C}.Debug|Any CPU.ActiveCfg = Debug|Any CPU
		{837F9D3F-823D-4BA3-9D99-A96188334E1C}.Debug|Any CPU.Build.0 = Debug|Any CPU
		{837F9D3F-823D-4BA3-9D99-A96188334E1C}.Release|Any CPU.ActiveCfg = Release|Any CPU
		{837F9D3F-823D-4BA3-9D99-A96188334E1C}.Release|Any CPU.Build.0 = Release|Any CPU
	EndGlobalSection
	GlobalSection(SolutionProperties) = preSolution
		HideSolutionNode = FALSE
	EndGlobalSection
	GlobalSection(ExtensibilityGlobals) = postSolution
		SolutionGuid = {BC007AEE-56DE-4901-8FFD-26690AE31A1F}
	EndGlobalSection
EndGlobal
