
Microsoft Visual Studio Solution File, Format Version 12.00
# Visual Studio Version 17
VisualStudioVersion = 17.13.35931.197 d17.13
MinimumVisualStudioVersion = 10.0.40219.1
Project("{FAE04EC0-301F-11D3-BF4B-00C04F79EFBC}") = "SyntaxWinApp01", "SyntaxWinApp01\SyntaxWinApp01.csproj", "{222F6F52-7D49-4844-9028-9BAF2DC17EF4}"
EndProject
Project("{FAE04EC0-301F-11D3-BF4B-00C04F79EFBC}") = "SyntaxWinApp02", "SyntaxWinApp02\SyntaxWinApp02.csproj", "{17FAC90E-D1CE-471B-B775-42613B1E90A7}"
EndProject
Global
	GlobalSection(SolutionConfigurationPlatforms) = preSolution
		Debug|Any CPU = Debug|Any CPU
		Release|Any CPU = Release|Any CPU
	EndGlobalSection
	GlobalSection(ProjectConfigurationPlatforms) = postSolution
		{222F6F52-7D49-4844-9028-9BAF2DC17EF4}.Debug|Any CPU.ActiveCfg = Debug|Any CPU
		{222F6F52-7D49-4844-9028-9BAF2DC17EF4}.Debug|Any CPU.Build.0 = Debug|Any CPU
		{222F6F52-7D49-4844-9028-9BAF2DC17EF4}.Release|Any CPU.ActiveCfg = Release|Any CPU
		{222F6F52-7D49-4844-9028-9BAF2DC17EF4}.Release|Any CPU.Build.0 = Release|Any CPU
		{17FAC90E-D1CE-471B-B775-42613B1E90A7}.Debug|Any CPU.ActiveCfg = Debug|Any CPU
		{17FAC90E-D1CE-471B-B775-42613B1E90A7}.Debug|Any CPU.Build.0 = Debug|Any CPU
		{17FAC90E-D1CE-471B-B775-42613B1E90A7}.Release|Any CPU.ActiveCfg = Release|Any CPU
		{17FAC90E-D1CE-471B-B775-42613B1E90A7}.Release|Any CPU.Build.0 = Release|Any CPU
	EndGlobalSection
	GlobalSection(SolutionProperties) = preSolution
		HideSolutionNode = FALSE
	EndGlobalSection
	GlobalSection(ExtensibilityGlobals) = postSolution
		SolutionGuid = {74FB202F-CF88-4F15-9B9B-8F0D8F5A5106}
	EndGlobalSection
EndGlobal
